
Microsoft Visual Studio Solution File, Format Version 12.00
# Visual Studio Version 16
VisualStudioVersion = 16.0.34301.259
MinimumVisualStudioVersion = 10.0.40219.1
Project("{FAE04EC0-301F-11D3-BF4B-00C04F79EFBC}") = "QLSACH", "QLSACH\QLSACH.csproj", "{1DF766AB-DB06-4351-B1C1-0B71B3AEFE5F}"
EndProject
Global
	GlobalSection(SolutionConfigurationPlatforms) = preSolution
		Debug|Any CPU = Debug|Any CPU
		Release|Any CPU = Release|Any CPU
	EndGlobalSection
	GlobalSection(ProjectConfigurationPlatforms) = postSolution
		{1DF766AB-DB06-4351-B1C1-0B71B3AEFE5F}.Debug|Any CPU.ActiveCfg = Debug|Any CPU
		{1DF766AB-DB06-4351-B1C1-0B71B3AEFE5F}.Debug|Any CPU.Build.0 = Debug|Any CPU
		{1DF766AB-DB06-4351-B1C1-0B71B3AEFE5F}.Release|Any CPU.ActiveCfg = Release|Any CPU
		{1DF766AB-DB06-4351-B1C1-0B71B3AEFE5F}.Release|Any CPU.Build.0 = Release|Any CPU
	EndGlobalSection
	GlobalSection(SolutionProperties) = preSolution
		HideSolutionNode = FALSE
	EndGlobalSection
	GlobalSection(ExtensibilityGlobals) = postSolution
		SolutionGuid = {36C6E554-71DD-4937-BA24-5F1CB82D7A12}
	EndGlobalSection
EndGlobal
